// !$*UTF8*$!
{
	archiveVersion = 1;
	classes = {
	};
	objectVersion = 50;
	objects = {

/* Begin PBXBuildFile section */
		F401903921B68F2100754C77 /* VolumeCell.swift in Sources */ = {isa = PBXBuildFile; fileRef = F401903821B68F2100754C77 /* VolumeCell.swift */; };
		F403272722259FE300A11DB0 /* ExtUIView.swift in Sources */ = {isa = PBXBuildFile; fileRef = F403272622259FE300A11DB0 /* ExtUIView.swift */; };
		F4217BEA21B6A46000F63601 /* PublishedCell.swift in Sources */ = {isa = PBXBuildFile; fileRef = F4217BE921B6A46000F63601 /* PublishedCell.swift */; };
		F4217BEC21B6A4FD00F63601 /* StoryDetailCell.swift in Sources */ = {isa = PBXBuildFile; fileRef = F4217BEB21B6A4FD00F63601 /* StoryDetailCell.swift */; };
		F424E88121B1EB250010B2F6 /* AppDelegate.swift in Sources */ = {isa = PBXBuildFile; fileRef = F424E88021B1EB250010B2F6 /* AppDelegate.swift */; };
		F424E88621B1EB250010B2F6 /* Main.storyboard in Resources */ = {isa = PBXBuildFile; fileRef = F424E88421B1EB250010B2F6 /* Main.storyboard */; };
		F424E88B21B1EB250010B2F6 /* Assets.xcassets in Resources */ = {isa = PBXBuildFile; fileRef = F424E88A21B1EB250010B2F6 /* Assets.xcassets */; };
		F424E88E21B1EB250010B2F6 /* LaunchScreen.storyboard in Resources */ = {isa = PBXBuildFile; fileRef = F424E88C21B1EB250010B2F6 /* LaunchScreen.storyboard */; };
		F424E8B221B1EB740010B2F6 /* DreddIndex2.xcdatamodel in Sources */ = {isa = PBXBuildFile; fileRef = F424E8B121B1EB740010B2F6 /* DreddIndex2.xcdatamodel */; };
		F424E8BA21B1EC350010B2F6 /* DreddTabBarController.swift in Sources */ = {isa = PBXBuildFile; fileRef = F424E8B921B1EC350010B2F6 /* DreddTabBarController.swift */; };
		F424E8C621B1EC820010B2F6 /* Injectable.swift in Sources */ = {isa = PBXBuildFile; fileRef = F424E8C521B1EC820010B2F6 /* Injectable.swift */; };
		F428B095223818B8009986DC /* UserDefaultsExtensions.swift in Sources */ = {isa = PBXBuildFile; fileRef = F428B094223818B8009986DC /* UserDefaultsExtensions.swift */; };
		F428B0A2223820B1009986DC /* Dredd_Mega_IndexTests.swift in Sources */ = {isa = PBXBuildFile; fileRef = F428B0A1223820B1009986DC /* Dredd_Mega_IndexTests.swift */; };
		F428B0F42238252E009986DC /* SettingsTableViewController.swift in Sources */ = {isa = PBXBuildFile; fileRef = F428B0F32238252E009986DC /* SettingsTableViewController.swift */; };
		F428B0F62238291E009986DC /* SwitchTableViewCell.swift in Sources */ = {isa = PBXBuildFile; fileRef = F428B0F52238291E009986DC /* SwitchTableViewCell.swift */; };
		F428B0F82239094A009986DC /* CreditViewController.swift in Sources */ = {isa = PBXBuildFile; fileRef = F428B0F72239094A009986DC /* CreditViewController.swift */; };
		F428B0FC22390DBB009986DC /* ChangeVolumePropertiesViewController.swift in Sources */ = {isa = PBXBuildFile; fileRef = F428B0FB22390DBB009986DC /* ChangeVolumePropertiesViewController.swift */; };
		F43F6CC021B5BB6B005E4683 /* needsContainer.swift in Sources */ = {isa = PBXBuildFile; fileRef = F43F6CBF21B5BB6B005E4683 /* needsContainer.swift */; };
		F44203B52229AB39007257A1 /* DreddIndex2.sqlite-shm in Resources */ = {isa = PBXBuildFile; fileRef = F44203B22229AB38007257A1 /* DreddIndex2.sqlite-shm */; };
		F44203B62229AB39007257A1 /* DreddIndex2.sqlite in Resources */ = {isa = PBXBuildFile; fileRef = F44203B32229AB38007257A1 /* DreddIndex2.sqlite */; };
		F44203B72229AB39007257A1 /* DreddIndex2.sqlite-wal in Resources */ = {isa = PBXBuildFile; fileRef = F44203B42229AB38007257A1 /* DreddIndex2.sqlite-wal */; };
		F443DC2B222007E400CE4CB2 /* ArtDroidTableViewController.swift in Sources */ = {isa = PBXBuildFile; fileRef = F443DC2A222007E400CE4CB2 /* ArtDroidTableViewController.swift */; };
		F443DC2D2220080700CE4CB2 /* ScriptDroidTableViewController.swift in Sources */ = {isa = PBXBuildFile; fileRef = F443DC2C2220080700CE4CB2 /* ScriptDroidTableViewController.swift */; };
		F443DC2F2220081E00CE4CB2 /* StoriesByWriterTableViewController.swift in Sources */ = {isa = PBXBuildFile; fileRef = F443DC2E2220081E00CE4CB2 /* StoriesByWriterTableViewController.swift */; };
		F443DC312220083100CE4CB2 /* StoriesByArtistTableViewController.swift in Sources */ = {isa = PBXBuildFile; fileRef = F443DC302220083100CE4CB2 /* StoriesByArtistTableViewController.swift */; };
		F453410321B1F20B00FDC49C /* VolumesTableViewController.swift in Sources */ = {isa = PBXBuildFile; fileRef = F453410221B1F20B00FDC49C /* VolumesTableViewController.swift */; };
		F453410721B2015700FDC49C /* DataModel.swift in Sources */ = {isa = PBXBuildFile; fileRef = F453410621B2015700FDC49C /* DataModel.swift */; };
		F4542E59223D62E7000F32A2 /* OptionOrder.swift in Sources */ = {isa = PBXBuildFile; fileRef = F4542E58223D62E7000F32A2 /* OptionOrder.swift */; };
		F4542E5B223DAD1B000F32A2 /* WarningMessage.swift in Sources */ = {isa = PBXBuildFile; fileRef = F4542E5A223DAD1B000F32A2 /* WarningMessage.swift */; };
		F45ABDB12224AA6500E98C29 /* StoriesByWriterTableViewCell.swift in Sources */ = {isa = PBXBuildFile; fileRef = F45ABDB02224AA6500E98C29 /* StoriesByWriterTableViewCell.swift */; };
		F45ABDB32224B60700E98C29 /* StoriesByDroidTableViewCell.swift in Sources */ = {isa = PBXBuildFile; fileRef = F45ABDB22224B60700E98C29 /* StoriesByDroidTableViewCell.swift */; };
		F45ABDB52225456400E98C29 /* StoryDetailViewController.swift in Sources */ = {isa = PBXBuildFile; fileRef = F45ABDB42225456400E98C29 /* StoryDetailViewController.swift */; };
		F45EC451223AF7D9009D5284 /* OwnedReadTableViewCell.swift in Sources */ = {isa = PBXBuildFile; fileRef = F45EC450223AF7D9009D5284 /* OwnedReadTableViewCell.swift */; };
		F483356821B70D1D009F2C72 /* StoryBySeriesCell.swift in Sources */ = {isa = PBXBuildFile; fileRef = F483356721B70D1D009F2C72 /* StoryBySeriesCell.swift */; };
		F483356D21B72C6A009F2C72 /* ArtistCell.swift in Sources */ = {isa = PBXBuildFile; fileRef = F483356921B72858009F2C72 /* ArtistCell.swift */; };
		F48C38E22228255900F62F5A /* VolumeDetailsTableViewController.swift in Sources */ = {isa = PBXBuildFile; fileRef = F48C38E12228255900F62F5A /* VolumeDetailsTableViewController.swift */; };
		F493EF9422258E9B00851647 /* StoriesTableViewController.swift in Sources */ = {isa = PBXBuildFile; fileRef = F493EF9322258E9B00851647 /* StoriesTableViewController.swift */; };
		F4B3F5C121B8814900992DCA /* SeriesTableViewController.swift in Sources */ = {isa = PBXBuildFile; fileRef = F453410421B1F21E00FDC49C /* SeriesTableViewController.swift */; };
		F4C595CE2228A07000B38658 /* SearchingTableViewController.swift in Sources */ = {isa = PBXBuildFile; fileRef = F4C595CD2228A07000B38658 /* SearchingTableViewController.swift */; };
/* End PBXBuildFile section */

/* Begin PBXContainerItemProxy section */
		F428B0A4223820B1009986DC /* PBXContainerItemProxy */ = {
			isa = PBXContainerItemProxy;
			containerPortal = F424E87521B1EB250010B2F6 /* Project object */;
			proxyType = 1;
			remoteGlobalIDString = F424E87C21B1EB250010B2F6;
			remoteInfo = "Dredd Mega Index";
		};
/* End PBXContainerItemProxy section */

/* Begin PBXFileReference section */
		F401903821B68F2100754C77 /* VolumeCell.swift */ = {isa = PBXFileReference; lastKnownFileType = sourcecode.swift; path = VolumeCell.swift; sourceTree = "<group>"; };
		F403272622259FE300A11DB0 /* ExtUIView.swift */ = {isa = PBXFileReference; lastKnownFileType = sourcecode.swift; path = ExtUIView.swift; sourceTree = "<group>"; };
		F4217BE621B69E2800F63601 /* FoldingVolumesTableView.swift */ = {isa = PBXFileReference; fileEncoding = 4; lastKnownFileType = sourcecode.swift; path = FoldingVolumesTableView.swift; sourceTree = "<group>"; };
		F4217BE921B6A46000F63601 /* PublishedCell.swift */ = {isa = PBXFileReference; lastKnownFileType = sourcecode.swift; path = PublishedCell.swift; sourceTree = "<group>"; };
		F4217BEB21B6A4FD00F63601 /* StoryDetailCell.swift */ = {isa = PBXFileReference; lastKnownFileType = sourcecode.swift; path = StoryDetailCell.swift; sourceTree = "<group>"; };
		F424E87D21B1EB250010B2F6 /* Dredd Mega Index.app */ = {isa = PBXFileReference; explicitFileType = wrapper.application; includeInIndex = 0; path = "Dredd Mega Index.app"; sourceTree = BUILT_PRODUCTS_DIR; };
		F424E88021B1EB250010B2F6 /* AppDelegate.swift */ = {isa = PBXFileReference; lastKnownFileType = sourcecode.swift; path = AppDelegate.swift; sourceTree = "<group>"; };
		F424E88521B1EB250010B2F6 /* Base */ = {isa = PBXFileReference; lastKnownFileType = file.storyboard; name = Base; path = Base.lproj/Main.storyboard; sourceTree = "<group>"; };
		F424E88A21B1EB250010B2F6 /* Assets.xcassets */ = {isa = PBXFileReference; lastKnownFileType = folder.assetcatalog; path = Assets.xcassets; sourceTree = "<group>"; };
		F424E88D21B1EB250010B2F6 /* Base */ = {isa = PBXFileReference; lastKnownFileType = file.storyboard; name = Base; path = Base.lproj/LaunchScreen.storyboard; sourceTree = "<group>"; };
		F424E88F21B1EB250010B2F6 /* Info.plist */ = {isa = PBXFileReference; lastKnownFileType = text.plist.xml; path = Info.plist; sourceTree = "<group>"; };
		F424E89A21B1EB250010B2F6 /* Info.plist */ = {isa = PBXFileReference; lastKnownFileType = text.plist.xml; path = Info.plist; sourceTree = "<group>"; };
		F424E8A321B1EB250010B2F6 /* MCIndexUITests.swift */ = {isa = PBXFileReference; lastKnownFileType = sourcecode.swift; path = MCIndexUITests.swift; sourceTree = "<group>"; };
		F424E8A521B1EB250010B2F6 /* Info.plist */ = {isa = PBXFileReference; lastKnownFileType = text.plist.xml; path = Info.plist; sourceTree = "<group>"; };
		F424E8B121B1EB740010B2F6 /* DreddIndex2.xcdatamodel */ = {isa = PBXFileReference; lastKnownFileType = wrapper.xcdatamodel; path = DreddIndex2.xcdatamodel; sourceTree = "<group>"; };
		F424E8B921B1EC350010B2F6 /* DreddTabBarController.swift */ = {isa = PBXFileReference; lastKnownFileType = sourcecode.swift; path = DreddTabBarController.swift; sourceTree = "<group>"; };
		F424E8C521B1EC820010B2F6 /* Injectable.swift */ = {isa = PBXFileReference; lastKnownFileType = sourcecode.swift; path = Injectable.swift; sourceTree = "<group>"; };
		F428B094223818B8009986DC /* UserDefaultsExtensions.swift */ = {isa = PBXFileReference; lastKnownFileType = sourcecode.swift; path = UserDefaultsExtensions.swift; sourceTree = "<group>"; };
		F428B09F223820B1009986DC /* Dredd Mega IndexTests.xctest */ = {isa = PBXFileReference; explicitFileType = wrapper.cfbundle; includeInIndex = 0; path = "Dredd Mega IndexTests.xctest"; sourceTree = BUILT_PRODUCTS_DIR; };
		F428B0A1223820B1009986DC /* Dredd_Mega_IndexTests.swift */ = {isa = PBXFileReference; lastKnownFileType = sourcecode.swift; path = Dredd_Mega_IndexTests.swift; sourceTree = "<group>"; };
		F428B0A3223820B1009986DC /* Info.plist */ = {isa = PBXFileReference; lastKnownFileType = text.plist.xml; path = Info.plist; sourceTree = "<group>"; };
		F428B0F32238252E009986DC /* SettingsTableViewController.swift */ = {isa = PBXFileReference; lastKnownFileType = sourcecode.swift; path = SettingsTableViewController.swift; sourceTree = "<group>"; };
		F428B0F52238291E009986DC /* SwitchTableViewCell.swift */ = {isa = PBXFileReference; lastKnownFileType = sourcecode.swift; path = SwitchTableViewCell.swift; sourceTree = "<group>"; };
		F428B0F72239094A009986DC /* CreditViewController.swift */ = {isa = PBXFileReference; lastKnownFileType = sourcecode.swift; path = CreditViewController.swift; sourceTree = "<group>"; };
		F428B0FB22390DBB009986DC /* ChangeVolumePropertiesViewController.swift */ = {isa = PBXFileReference; lastKnownFileType = sourcecode.swift; path = ChangeVolumePropertiesViewController.swift; sourceTree = "<group>"; };
		F43F6CBF21B5BB6B005E4683 /* needsContainer.swift */ = {isa = PBXFileReference; lastKnownFileType = sourcecode.swift; path = needsContainer.swift; sourceTree = "<group>"; };
		F44203B22229AB38007257A1 /* DreddIndex2.sqlite-shm */ = {isa = PBXFileReference; lastKnownFileType = file; path = "DreddIndex2.sqlite-shm"; sourceTree = "<group>"; };
		F44203B32229AB38007257A1 /* DreddIndex2.sqlite */ = {isa = PBXFileReference; lastKnownFileType = file; path = DreddIndex2.sqlite; sourceTree = "<group>"; };
		F44203B42229AB38007257A1 /* DreddIndex2.sqlite-wal */ = {isa = PBXFileReference; lastKnownFileType = file; path = "DreddIndex2.sqlite-wal"; sourceTree = "<group>"; };
		F443DC2A222007E400CE4CB2 /* ArtDroidTableViewController.swift */ = {isa = PBXFileReference; lastKnownFileType = sourcecode.swift; path = ArtDroidTableViewController.swift; sourceTree = "<group>"; };
		F443DC2C2220080700CE4CB2 /* ScriptDroidTableViewController.swift */ = {isa = PBXFileReference; lastKnownFileType = sourcecode.swift; path = ScriptDroidTableViewController.swift; sourceTree = "<group>"; };
		F443DC2E2220081E00CE4CB2 /* StoriesByWriterTableViewController.swift */ = {isa = PBXFileReference; lastKnownFileType = sourcecode.swift; path = StoriesByWriterTableViewController.swift; sourceTree = "<group>"; };
		F443DC302220083100CE4CB2 /* StoriesByArtistTableViewController.swift */ = {isa = PBXFileReference; lastKnownFileType = sourcecode.swift; path = StoriesByArtistTableViewController.swift; sourceTree = "<group>"; };
		F453410221B1F20B00FDC49C /* VolumesTableViewController.swift */ = {isa = PBXFileReference; lastKnownFileType = sourcecode.swift; path = VolumesTableViewController.swift; sourceTree = "<group>"; };
		F453410421B1F21E00FDC49C /* SeriesTableViewController.swift */ = {isa = PBXFileReference; lastKnownFileType = sourcecode.swift; path = SeriesTableViewController.swift; sourceTree = "<group>"; };
		F453410621B2015700FDC49C /* DataModel.swift */ = {isa = PBXFileReference; lastKnownFileType = sourcecode.swift; path = DataModel.swift; sourceTree = "<group>"; };
		F4542E58223D62E7000F32A2 /* OptionOrder.swift */ = {isa = PBXFileReference; lastKnownFileType = sourcecode.swift; path = OptionOrder.swift; sourceTree = "<group>"; };
		F4542E5A223DAD1B000F32A2 /* WarningMessage.swift */ = {isa = PBXFileReference; lastKnownFileType = sourcecode.swift; path = WarningMessage.swift; sourceTree = "<group>"; };
		F45ABDB02224AA6500E98C29 /* StoriesByWriterTableViewCell.swift */ = {isa = PBXFileReference; lastKnownFileType = sourcecode.swift; path = StoriesByWriterTableViewCell.swift; sourceTree = "<group>"; };
		F45ABDB22224B60700E98C29 /* StoriesByDroidTableViewCell.swift */ = {isa = PBXFileReference; lastKnownFileType = sourcecode.swift; path = StoriesByDroidTableViewCell.swift; sourceTree = "<group>"; };
		F45ABDB42225456400E98C29 /* StoryDetailViewController.swift */ = {isa = PBXFileReference; lastKnownFileType = sourcecode.swift; path = StoryDetailViewController.swift; sourceTree = "<group>"; };
		F45EC450223AF7D9009D5284 /* OwnedReadTableViewCell.swift */ = {isa = PBXFileReference; lastKnownFileType = sourcecode.swift; path = OwnedReadTableViewCell.swift; sourceTree = "<group>"; };
		F483356721B70D1D009F2C72 /* StoryBySeriesCell.swift */ = {isa = PBXFileReference; lastKnownFileType = sourcecode.swift; path = StoryBySeriesCell.swift; sourceTree = "<group>"; };
		F483356921B72858009F2C72 /* ArtistCell.swift */ = {isa = PBXFileReference; lastKnownFileType = sourcecode.swift; path = ArtistCell.swift; sourceTree = "<group>"; };
		F48C38E12228255900F62F5A /* VolumeDetailsTableViewController.swift */ = {isa = PBXFileReference; lastKnownFileType = sourcecode.swift; path = VolumeDetailsTableViewController.swift; sourceTree = "<group>"; };
		F493EF9322258E9B00851647 /* StoriesTableViewController.swift */ = {isa = PBXFileReference; lastKnownFileType = sourcecode.swift; path = StoriesTableViewController.swift; sourceTree = "<group>"; };
		F4C595CD2228A07000B38658 /* SearchingTableViewController.swift */ = {isa = PBXFileReference; lastKnownFileType = sourcecode.swift; path = SearchingTableViewController.swift; sourceTree = "<group>"; };
/* End PBXFileReference section */

/* Begin PBXFrameworksBuildPhase section */
		F424E87A21B1EB250010B2F6 /* Frameworks */ = {
			isa = PBXFrameworksBuildPhase;
			buildActionMask = 2147483647;
			files = (
			);
			runOnlyForDeploymentPostprocessing = 0;
		};
		F428B09C223820B1009986DC /* Frameworks */ = {
			isa = PBXFrameworksBuildPhase;
			buildActionMask = 2147483647;
			files = (
			);
			runOnlyForDeploymentPostprocessing = 0;
		};
/* End PBXFrameworksBuildPhase section */

/* Begin PBXGroup section */
		F4217BE521B69E1700F63601 /* Folding */ = {
			isa = PBXGroup;
			children = (
				F4217BE621B69E2800F63601 /* FoldingVolumesTableView.swift */,
			);
			path = Folding;
			sourceTree = "<group>";
		};
		F424E87421B1EB250010B2F6 = {
			isa = PBXGroup;
			children = (
				F424E87F21B1EB250010B2F6 /* MCIndex */,
				F424E89721B1EB250010B2F6 /* MCIndexTests */,
				F424E8A221B1EB250010B2F6 /* MCIndexUITests */,
				F428B0A0223820B1009986DC /* Dredd Mega IndexTests */,
				F424E87E21B1EB250010B2F6 /* Products */,
			);
			sourceTree = "<group>";
		};
		F424E87E21B1EB250010B2F6 /* Products */ = {
			isa = PBXGroup;
			children = (
				F424E87D21B1EB250010B2F6 /* Dredd Mega Index.app */,
				F428B09F223820B1009986DC /* Dredd Mega IndexTests.xctest */,
			);
			name = Products;
			sourceTree = "<group>";
		};
		F424E87F21B1EB250010B2F6 /* MCIndex */ = {
			isa = PBXGroup;
			children = (
				F4542E57223D62C6000F32A2 /* extensions and Protocols */,
				F4217BE521B69E1700F63601 /* Folding */,
				F424E88421B1EB250010B2F6 /* Main.storyboard */,
				F424E8B921B1EC350010B2F6 /* DreddTabBarController.swift */,
				F43F6CC521B5BCA8005E4683 /* ViewControllers */,
				F47CD15721B5629B00854421 /* Cells */,
				F453411A21B2220E00FDC49C /* Protocols */,
				F453410821B2026D00FDC49C /* DataModel Group */,
				F424E88021B1EB250010B2F6 /* AppDelegate.swift */,
				F424E88A21B1EB250010B2F6 /* Assets.xcassets */,
				F424E88C21B1EB250010B2F6 /* LaunchScreen.storyboard */,
				F424E88F21B1EB250010B2F6 /* Info.plist */,
				F403272622259FE300A11DB0 /* ExtUIView.swift */,
				F4542E5A223DAD1B000F32A2 /* WarningMessage.swift */,
			);
			path = MCIndex;
			sourceTree = "<group>";
		};
		F424E89721B1EB250010B2F6 /* MCIndexTests */ = {
			isa = PBXGroup;
			children = (
				F424E89A21B1EB250010B2F6 /* Info.plist */,
			);
			path = MCIndexTests;
			sourceTree = "<group>";
		};
		F424E8A221B1EB250010B2F6 /* MCIndexUITests */ = {
			isa = PBXGroup;
			children = (
				F424E8A321B1EB250010B2F6 /* MCIndexUITests.swift */,
				F424E8A521B1EB250010B2F6 /* Info.plist */,
			);
			path = MCIndexUITests;
			sourceTree = "<group>";
		};
		F428B0A0223820B1009986DC /* Dredd Mega IndexTests */ = {
			isa = PBXGroup;
			children = (
				F428B0A1223820B1009986DC /* Dredd_Mega_IndexTests.swift */,
				F428B0A3223820B1009986DC /* Info.plist */,
			);
			path = "Dredd Mega IndexTests";
			sourceTree = "<group>";
		};
		F43F6CC521B5BCA8005E4683 /* ViewControllers */ = {
			isa = PBXGroup;
			children = (
				F453410421B1F21E00FDC49C /* SeriesTableViewController.swift */,
				F453410221B1F20B00FDC49C /* VolumesTableViewController.swift */,
				F443DC2A222007E400CE4CB2 /* ArtDroidTableViewController.swift */,
				F443DC2C2220080700CE4CB2 /* ScriptDroidTableViewController.swift */,
				F493EF9322258E9B00851647 /* StoriesTableViewController.swift */,
				F443DC2E2220081E00CE4CB2 /* StoriesByWriterTableViewController.swift */,
				F443DC302220083100CE4CB2 /* StoriesByArtistTableViewController.swift */,
				F45ABDB42225456400E98C29 /* StoryDetailViewController.swift */,
				F48C38E12228255900F62F5A /* VolumeDetailsTableViewController.swift */,
				F4C595CD2228A07000B38658 /* SearchingTableViewController.swift */,
				F428B0F32238252E009986DC /* SettingsTableViewController.swift */,
				F428B0F72239094A009986DC /* CreditViewController.swift */,
				F428B0FB22390DBB009986DC /* ChangeVolumePropertiesViewController.swift */,
			);
			path = ViewControllers;
			sourceTree = "<group>";
		};
		F453410821B2026D00FDC49C /* DataModel Group */ = {
			isa = PBXGroup;
			children = (
				F424E8B121B1EB740010B2F6 /* DreddIndex2.xcdatamodel */,
				F453410921B2028800FDC49C /* Seed database */,
				F453410621B2015700FDC49C /* DataModel.swift */,
			);
			path = "DataModel Group";
			sourceTree = "<group>";
		};
		F453410921B2028800FDC49C /* Seed database */ = {
			isa = PBXGroup;
			children = (
				F44203B32229AB38007257A1 /* DreddIndex2.sqlite */,
				F44203B22229AB38007257A1 /* DreddIndex2.sqlite-shm */,
				F44203B42229AB38007257A1 /* DreddIndex2.sqlite-wal */,
			);
			path = "Seed database";
			sourceTree = "<group>";
		};
		F453411A21B2220E00FDC49C /* Protocols */ = {
			isa = PBXGroup;
			children = (
				F424E8C521B1EC820010B2F6 /* Injectable.swift */,
				F43F6CBF21B5BB6B005E4683 /* needsContainer.swift */,
			);
			path = Protocols;
			sourceTree = "<group>";
		};
		F4542E57223D62C6000F32A2 /* extensions and Protocols */ = {
			isa = PBXGroup;
			children = (
				F428B094223818B8009986DC /* UserDefaultsExtensions.swift */,
				F4542E58223D62E7000F32A2 /* OptionOrder.swift */,
			);
			path = "extensions and Protocols";
			sourceTree = "<group>";
		};
		F47CD15721B5629B00854421 /* Cells */ = {
			isa = PBXGroup;
			children = (
				F401903821B68F2100754C77 /* VolumeCell.swift */,
				F4217BE921B6A46000F63601 /* PublishedCell.swift */,
				F4217BEB21B6A4FD00F63601 /* StoryDetailCell.swift */,
				F483356721B70D1D009F2C72 /* StoryBySeriesCell.swift */,
				F483356921B72858009F2C72 /* ArtistCell.swift */,
				F45ABDB02224AA6500E98C29 /* StoriesByWriterTableViewCell.swift */,
				F45ABDB22224B60700E98C29 /* StoriesByDroidTableViewCell.swift */,
				F428B0F52238291E009986DC /* SwitchTableViewCell.swift */,
				F45EC450223AF7D9009D5284 /* OwnedReadTableViewCell.swift */,
			);
			path = Cells;
			sourceTree = "<group>";
		};
/* End PBXGroup section */

/* Begin PBXNativeTarget section */
		F424E87C21B1EB250010B2F6 /* Dredd Mega Index */ = {
			isa = PBXNativeTarget;
			buildConfigurationList = F424E8A821B1EB250010B2F6 /* Build configuration list for PBXNativeTarget "Dredd Mega Index" */;
			buildPhases = (
				F424E87921B1EB250010B2F6 /* Sources */,
				F424E87A21B1EB250010B2F6 /* Frameworks */,
				F424E87B21B1EB250010B2F6 /* Resources */,
			);
			buildRules = (
			);
			dependencies = (
			);
			name = "Dredd Mega Index";
			productName = MCIndex;
			productReference = F424E87D21B1EB250010B2F6 /* Dredd Mega Index.app */;
			productType = "com.apple.product-type.application";
		};
		F428B09E223820B1009986DC /* Dredd Mega IndexTests */ = {
			isa = PBXNativeTarget;
			buildConfigurationList = F428B0A6223820B1009986DC /* Build configuration list for PBXNativeTarget "Dredd Mega IndexTests" */;
			buildPhases = (
				F428B09B223820B1009986DC /* Sources */,
				F428B09C223820B1009986DC /* Frameworks */,
				F428B09D223820B1009986DC /* Resources */,
			);
			buildRules = (
			);
			dependencies = (
				F428B0A5223820B1009986DC /* PBXTargetDependency */,
			);
			name = "Dredd Mega IndexTests";
			productName = "Dredd Mega IndexTests";
			productReference = F428B09F223820B1009986DC /* Dredd Mega IndexTests.xctest */;
			productType = "com.apple.product-type.bundle.unit-test";
		};
/* End PBXNativeTarget section */

/* Begin PBXProject section */
		F424E87521B1EB250010B2F6 /* Project object */ = {
			isa = PBXProject;
			attributes = {
				LastSwiftUpdateCheck = 1010;
				LastUpgradeCheck = 1010;
				ORGANIZATIONNAME = "Simon Gardener";
				TargetAttributes = {
					F424E87C21B1EB250010B2F6 = {
						CreatedOnToolsVersion = 10.1;
						LastSwiftMigration = 1020;
					};
					F428B09E223820B1009986DC = {
						CreatedOnToolsVersion = 10.1;
						LastSwiftMigration = 1020;
						TestTargetID = F424E87C21B1EB250010B2F6;
					};
				};
			};
			buildConfigurationList = F424E87821B1EB250010B2F6 /* Build configuration list for PBXProject "MCIndex" */;
			compatibilityVersion = "Xcode 9.3";
			developmentRegion = en;
			hasScannedForEncodings = 0;
			knownRegions = (
				en,
				Base,
			);
			mainGroup = F424E87421B1EB250010B2F6;
			productRefGroup = F424E87E21B1EB250010B2F6 /* Products */;
			projectDirPath = "";
			projectRoot = "";
			targets = (
				F424E87C21B1EB250010B2F6 /* Dredd Mega Index */,
				F428B09E223820B1009986DC /* Dredd Mega IndexTests */,
			);
		};
/* End PBXProject section */

/* Begin PBXResourcesBuildPhase section */
		F424E87B21B1EB250010B2F6 /* Resources */ = {
			isa = PBXResourcesBuildPhase;
			buildActionMask = 2147483647;
			files = (
				F44203B52229AB39007257A1 /* DreddIndex2.sqlite-shm in Resources */,
				F424E88E21B1EB250010B2F6 /* LaunchScreen.storyboard in Resources */,
				F44203B62229AB39007257A1 /* DreddIndex2.sqlite in Resources */,
				F424E88B21B1EB250010B2F6 /* Assets.xcassets in Resources */,
				F44203B72229AB39007257A1 /* DreddIndex2.sqlite-wal in Resources */,
				F424E88621B1EB250010B2F6 /* Main.storyboard in Resources */,
			);
			runOnlyForDeploymentPostprocessing = 0;
		};
		F428B09D223820B1009986DC /* Resources */ = {
			isa = PBXResourcesBuildPhase;
			buildActionMask = 2147483647;
			files = (
			);
			runOnlyForDeploymentPostprocessing = 0;
		};
/* End PBXResourcesBuildPhase section */

/* Begin PBXSourcesBuildPhase section */
		F424E87921B1EB250010B2F6 /* Sources */ = {
			isa = PBXSourcesBuildPhase;
			buildActionMask = 2147483647;
			files = (
				F4B3F5C121B8814900992DCA /* SeriesTableViewController.swift in Sources */,
				F483356D21B72C6A009F2C72 /* ArtistCell.swift in Sources */,
				F424E8BA21B1EC350010B2F6 /* DreddTabBarController.swift in Sources */,
				F443DC2D2220080700CE4CB2 /* ScriptDroidTableViewController.swift in Sources */,
				F453410321B1F20B00FDC49C /* VolumesTableViewController.swift in Sources */,
				F428B0F62238291E009986DC /* SwitchTableViewCell.swift in Sources */,
				F424E88121B1EB250010B2F6 /* AppDelegate.swift in Sources */,
				F428B0F82239094A009986DC /* CreditViewController.swift in Sources */,
				F45ABDB32224B60700E98C29 /* StoriesByDroidTableViewCell.swift in Sources */,
				F453410721B2015700FDC49C /* DataModel.swift in Sources */,
				F4542E5B223DAD1B000F32A2 /* WarningMessage.swift in Sources */,
				F4C595CE2228A07000B38658 /* SearchingTableViewController.swift in Sources */,
				F45EC451223AF7D9009D5284 /* OwnedReadTableViewCell.swift in Sources */,
				F4217BEC21B6A4FD00F63601 /* StoryDetailCell.swift in Sources */,
				F443DC2B222007E400CE4CB2 /* ArtDroidTableViewController.swift in Sources */,
				F45ABDB52225456400E98C29 /* StoryDetailViewController.swift in Sources */,
				F4217BEA21B6A46000F63601 /* PublishedCell.swift in Sources */,
				F401903921B68F2100754C77 /* VolumeCell.swift in Sources */,
				F428B0F42238252E009986DC /* SettingsTableViewController.swift in Sources */,
				F428B0FC22390DBB009986DC /* ChangeVolumePropertiesViewController.swift in Sources */,
				F4542E59223D62E7000F32A2 /* OptionOrder.swift in Sources */,
				F403272722259FE300A11DB0 /* ExtUIView.swift in Sources */,
				F424E8B221B1EB740010B2F6 /* DreddIndex2.xcdatamodel in Sources */,
				F48C38E22228255900F62F5A /* VolumeDetailsTableViewController.swift in Sources */,
				F45ABDB12224AA6500E98C29 /* StoriesByWriterTableViewCell.swift in Sources */,
				F493EF9422258E9B00851647 /* StoriesTableViewController.swift in Sources */,
				F443DC2F2220081E00CE4CB2 /* StoriesByWriterTableViewController.swift in Sources */,
				F43F6CC021B5BB6B005E4683 /* needsContainer.swift in Sources */,
				F443DC312220083100CE4CB2 /* StoriesByArtistTableViewController.swift in Sources */,
				F428B095223818B8009986DC /* UserDefaultsExtensions.swift in Sources */,
				F483356821B70D1D009F2C72 /* StoryBySeriesCell.swift in Sources */,
				F424E8C621B1EC820010B2F6 /* Injectable.swift in Sources */,
			);
			runOnlyForDeploymentPostprocessing = 0;
		};
		F428B09B223820B1009986DC /* Sources */ = {
			isa = PBXSourcesBuildPhase;
			buildActionMask = 2147483647;
			files = (
				F428B0A2223820B1009986DC /* Dredd_Mega_IndexTests.swift in Sources */,
			);
			runOnlyForDeploymentPostprocessing = 0;
		};
/* End PBXSourcesBuildPhase section */

/* Begin PBXTargetDependency section */
		F428B0A5223820B1009986DC /* PBXTargetDependency */ = {
			isa = PBXTargetDependency;
			target = F424E87C21B1EB250010B2F6 /* Dredd Mega Index */;
			targetProxy = F428B0A4223820B1009986DC /* PBXContainerItemProxy */;
		};
/* End PBXTargetDependency section */

/* Begin PBXVariantGroup section */
		F424E88421B1EB250010B2F6 /* Main.storyboard */ = {
			isa = PBXVariantGroup;
			children = (
				F424E88521B1EB250010B2F6 /* Base */,
			);
			name = Main.storyboard;
			sourceTree = "<group>";
		};
		F424E88C21B1EB250010B2F6 /* LaunchScreen.storyboard */ = {
			isa = PBXVariantGroup;
			children = (
				F424E88D21B1EB250010B2F6 /* Base */,
			);
			name = LaunchScreen.storyboard;
			sourceTree = "<group>";
		};
/* End PBXVariantGroup section */

/* Begin XCBuildConfiguration section */
		F424E8A621B1EB250010B2F6 /* Debug */ = {
			isa = XCBuildConfiguration;
			buildSettings = {
				ALWAYS_SEARCH_USER_PATHS = NO;
				CLANG_ANALYZER_NONNULL = YES;
				CLANG_ANALYZER_NUMBER_OBJECT_CONVERSION = YES_AGGRESSIVE;
				CLANG_CXX_LANGUAGE_STANDARD = "gnu++14";
				CLANG_CXX_LIBRARY = "libc++";
				CLANG_ENABLE_MODULES = YES;
				CLANG_ENABLE_OBJC_ARC = YES;
				CLANG_ENABLE_OBJC_WEAK = YES;
				CLANG_WARN_BLOCK_CAPTURE_AUTORELEASING = YES;
				CLANG_WARN_BOOL_CONVERSION = YES;
				CLANG_WARN_COMMA = YES;
				CLANG_WARN_CONSTANT_CONVERSION = YES;
				CLANG_WARN_DEPRECATED_OBJC_IMPLEMENTATIONS = YES;
				CLANG_WARN_DIRECT_OBJC_ISA_USAGE = YES_ERROR;
				CLANG_WARN_DOCUMENTATION_COMMENTS = YES;
				CLANG_WARN_EMPTY_BODY = YES;
				CLANG_WARN_ENUM_CONVERSION = YES;
				CLANG_WARN_INFINITE_RECURSION = YES;
				CLANG_WARN_INT_CONVERSION = YES;
				CLANG_WARN_NON_LITERAL_NULL_CONVERSION = YES;
				CLANG_WARN_OBJC_IMPLICIT_RETAIN_SELF = YES;
				CLANG_WARN_OBJC_LITERAL_CONVERSION = YES;
				CLANG_WARN_OBJC_ROOT_CLASS = YES_ERROR;
				CLANG_WARN_RANGE_LOOP_ANALYSIS = YES;
				CLANG_WARN_STRICT_PROTOTYPES = YES;
				CLANG_WARN_SUSPICIOUS_MOVE = YES;
				CLANG_WARN_UNGUARDED_AVAILABILITY = YES_AGGRESSIVE;
				CLANG_WARN_UNREACHABLE_CODE = YES;
				CLANG_WARN__DUPLICATE_METHOD_MATCH = YES;
				CODE_SIGN_IDENTITY = "iPhone Developer";
				COPY_PHASE_STRIP = NO;
				DEBUG_INFORMATION_FORMAT = dwarf;
				ENABLE_STRICT_OBJC_MSGSEND = YES;
				ENABLE_TESTABILITY = YES;
				GCC_C_LANGUAGE_STANDARD = gnu11;
				GCC_DYNAMIC_NO_PIC = NO;
				GCC_NO_COMMON_BLOCKS = YES;
				GCC_OPTIMIZATION_LEVEL = 0;
				GCC_PREPROCESSOR_DEFINITIONS = (
					"DEBUG=1",
					"$(inherited)",
				);
				GCC_WARN_64_TO_32_BIT_CONVERSION = YES;
				GCC_WARN_ABOUT_RETURN_TYPE = YES_ERROR;
				GCC_WARN_UNDECLARED_SELECTOR = YES;
				GCC_WARN_UNINITIALIZED_AUTOS = YES_AGGRESSIVE;
				GCC_WARN_UNUSED_FUNCTION = YES;
				GCC_WARN_UNUSED_VARIABLE = YES;
				IPHONEOS_DEPLOYMENT_TARGET = 12.1;
				MTL_ENABLE_DEBUG_INFO = INCLUDE_SOURCE;
				MTL_FAST_MATH = YES;
				ONLY_ACTIVE_ARCH = YES;
				SDKROOT = iphoneos;
				SWIFT_ACTIVE_COMPILATION_CONDITIONS = DEBUG;
				SWIFT_OPTIMIZATION_LEVEL = "-Onone";
			};
			name = Debug;
		};
		F424E8A721B1EB250010B2F6 /* Release */ = {
			isa = XCBuildConfiguration;
			buildSettings = {
				ALWAYS_SEARCH_USER_PATHS = NO;
				CLANG_ANALYZER_NONNULL = YES;
				CLANG_ANALYZER_NUMBER_OBJECT_CONVERSION = YES_AGGRESSIVE;
				CLANG_CXX_LANGUAGE_STANDARD = "gnu++14";
				CLANG_CXX_LIBRARY = "libc++";
				CLANG_ENABLE_MODULES = YES;
				CLANG_ENABLE_OBJC_ARC = YES;
				CLANG_ENABLE_OBJC_WEAK = YES;
				CLANG_WARN_BLOCK_CAPTURE_AUTORELEASING = YES;
				CLANG_WARN_BOOL_CONVERSION = YES;
				CLANG_WARN_COMMA = YES;
				CLANG_WARN_CONSTANT_CONVERSION = YES;
				CLANG_WARN_DEPRECATED_OBJC_IMPLEMENTATIONS = YES;
				CLANG_WARN_DIRECT_OBJC_ISA_USAGE = YES_ERROR;
				CLANG_WARN_DOCUMENTATION_COMMENTS = YES;
				CLANG_WARN_EMPTY_BODY = YES;
				CLANG_WARN_ENUM_CONVERSION = YES;
				CLANG_WARN_INFINITE_RECURSION = YES;
				CLANG_WARN_INT_CONVERSION = YES;
				CLANG_WARN_NON_LITERAL_NULL_CONVERSION = YES;
				CLANG_WARN_OBJC_IMPLICIT_RETAIN_SELF = YES;
				CLANG_WARN_OBJC_LITERAL_CONVERSION = YES;
				CLANG_WARN_OBJC_ROOT_CLASS = YES_ERROR;
				CLANG_WARN_RANGE_LOOP_ANALYSIS = YES;
				CLANG_WARN_STRICT_PROTOTYPES = YES;
				CLANG_WARN_SUSPICIOUS_MOVE = YES;
				CLANG_WARN_UNGUARDED_AVAILABILITY = YES_AGGRESSIVE;
				CLANG_WARN_UNREACHABLE_CODE = YES;
				CLANG_WARN__DUPLICATE_METHOD_MATCH = YES;
				CODE_SIGN_IDENTITY = "iPhone Developer";
				COPY_PHASE_STRIP = NO;
				DEBUG_INFORMATION_FORMAT = "dwarf-with-dsym";
				ENABLE_NS_ASSERTIONS = NO;
				ENABLE_STRICT_OBJC_MSGSEND = YES;
				GCC_C_LANGUAGE_STANDARD = gnu11;
				GCC_NO_COMMON_BLOCKS = YES;
				GCC_WARN_64_TO_32_BIT_CONVERSION = YES;
				GCC_WARN_ABOUT_RETURN_TYPE = YES_ERROR;
				GCC_WARN_UNDECLARED_SELECTOR = YES;
				GCC_WARN_UNINITIALIZED_AUTOS = YES_AGGRESSIVE;
				GCC_WARN_UNUSED_FUNCTION = YES;
				GCC_WARN_UNUSED_VARIABLE = YES;
				IPHONEOS_DEPLOYMENT_TARGET = 12.1;
				MTL_ENABLE_DEBUG_INFO = NO;
				MTL_FAST_MATH = YES;
				SDKROOT = iphoneos;
				SWIFT_COMPILATION_MODE = wholemodule;
				SWIFT_OPTIMIZATION_LEVEL = "-O";
				VALIDATE_PRODUCT = YES;
			};
			name = Release;
		};
		F424E8A921B1EB250010B2F6 /* Debug */ = {
			isa = XCBuildConfiguration;
			buildSettings = {
				ASSETCATALOG_COMPILER_APPICON_NAME = AppIcon;
				CODE_SIGN_STYLE = Automatic;
				DEVELOPMENT_TEAM = 28P58W4QM2;
				INFOPLIST_FILE = MCIndex/Info.plist;
				IPHONEOS_DEPLOYMENT_TARGET = 11.0;
				LD_RUNPATH_SEARCH_PATHS = (
					"$(inherited)",
					"@executable_path/Frameworks",
				);
				PRODUCT_BUNDLE_IDENTIFIER = co.uk.20thcenturyfish.MCIndex;
				PRODUCT_NAME = "$(TARGET_NAME)";
				SWIFT_VERSION = 5.0;
				TARGETED_DEVICE_FAMILY = "1,2";
			};
			name = Debug;
		};
		F424E8AA21B1EB250010B2F6 /* Release */ = {
			isa = XCBuildConfiguration;
			buildSettings = {
				ASSETCATALOG_COMPILER_APPICON_NAME = AppIcon;
				CODE_SIGN_STYLE = Automatic;
				DEVELOPMENT_TEAM = 28P58W4QM2;
				INFOPLIST_FILE = MCIndex/Info.plist;
				IPHONEOS_DEPLOYMENT_TARGET = 11.0;
				LD_RUNPATH_SEARCH_PATHS = (
					"$(inherited)",
					"@executable_path/Frameworks",
				);
				PRODUCT_BUNDLE_IDENTIFIER = co.uk.20thcenturyfish.MCIndex;
				PRODUCT_NAME = "$(TARGET_NAME)";
				SWIFT_VERSION = 5.0;
				TARGETED_DEVICE_FAMILY = "1,2";
			};
			name = Release;
		};
		F428B0A7223820B1009986DC /* Debug */ = {
			isa = XCBuildConfiguration;
			buildSettings = {
				BUNDLE_LOADER = "$(TEST_HOST)";
				CODE_SIGN_STYLE = Automatic;
				DEVELOPMENT_TEAM = 28P58W4QM2;
				INFOPLIST_FILE = "Dredd Mega IndexTests/Info.plist";
				LD_RUNPATH_SEARCH_PATHS = (
					"$(inherited)",
					"@executable_path/Frameworks",
					"@loader_path/Frameworks",
				);
				PRODUCT_BUNDLE_IDENTIFIER = "com.me.Dredd-Mega-IndexTests";
				PRODUCT_NAME = "$(TARGET_NAME)";
				SWIFT_VERSION = 5.0;
				TARGETED_DEVICE_FAMILY = "1,2";
				TEST_HOST = "$(BUILT_PRODUCTS_DIR)/Dredd Mega Index.app/Dredd Mega Index";
			};
			name = Debug;
		};
		F428B0A8223820B1009986DC /* Release */ = {
			isa = XCBuildConfiguration;
			buildSettings = {
				BUNDLE_LOADER = "$(TEST_HOST)";
				CODE_SIGN_STYLE = Automatic;
				DEVELOPMENT_TEAM = 28P58W4QM2;
				INFOPLIST_FILE = "Dredd Mega IndexTests/Info.plist";
				LD_RUNPATH_SEARCH_PATHS = (
					"$(inherited)",
					"@executable_path/Frameworks",
					"@loader_path/Frameworks",
				);
				PRODUCT_BUNDLE_IDENTIFIER = "com.me.Dredd-Mega-IndexTests";
				PRODUCT_NAME = "$(TARGET_NAME)";
				SWIFT_VERSION = 5.0;
				TARGETED_DEVICE_FAMILY = "1,2";
				TEST_HOST = "$(BUILT_PRODUCTS_DIR)/Dredd Mega Index.app/Dredd Mega Index";
			};
			name = Release;
		};
/* End XCBuildConfiguration section */

/* Begin XCConfigurationList section */
		F424E87821B1EB250010B2F6 /* Build configuration list for PBXProject "MCIndex" */ = {
			isa = XCConfigurationList;
			buildConfigurations = (
				F424E8A621B1EB250010B2F6 /* Debug */,
				F424E8A721B1EB250010B2F6 /* Release */,
			);
			defaultConfigurationIsVisible = 0;
			defaultConfigurationName = Release;
		};
		F424E8A821B1EB250010B2F6 /* Build configuration list for PBXNativeTarget "Dredd Mega Index" */ = {
			isa = XCConfigurationList;
			buildConfigurations = (
				F424E8A921B1EB250010B2F6 /* Debug */,
				F424E8AA21B1EB250010B2F6 /* Release */,
			);
			defaultConfigurationIsVisible = 0;
			defaultConfigurationName = Release;
		};
		F428B0A6223820B1009986DC /* Build configuration list for PBXNativeTarget "Dredd Mega IndexTests" */ = {
			isa = XCConfigurationList;
			buildConfigurations = (
				F428B0A7223820B1009986DC /* Debug */,
				F428B0A8223820B1009986DC /* Release */,
			);
			defaultConfigurationIsVisible = 0;
			defaultConfigurationName = Release;
		};
/* End XCConfigurationList section */
	};
	rootObject = F424E87521B1EB250010B2F6 /* Project object */;
}
